
Microsoft Visual Studio Solution File, Format Version 12.00
# Visual Studio Version 16
VisualStudioVersion = 16.0.31911.196
MinimumVisualStudioVersion = 10.0.40219.1
Project("{FAE04EC0-301F-11D3-BF4B-00C04F79EFBC}") = "1-9 in a 3x3 square", "1-9 in a 3x3 square\1-9 in a 3x3 square.csproj", "{C195C876-A4DD-48C0-B50B-6852FA60B01A}"
EndProject
Global
	GlobalSection(SolutionConfigurationPlatforms) = preSolution
		Debug|Any CPU = Debug|Any CPU
		Release|Any CPU = Release|Any CPU
	EndGlobalSection
	GlobalSection(ProjectConfigurationPlatforms) = postSolution
		{C195C876-A4DD-48C0-B50B-6852FA60B01A}.Debug|Any CPU.ActiveCfg = Debug|Any CPU
		{C195C876-A4DD-48C0-B50B-6852FA60B01A}.Debug|Any CPU.Build.0 = Debug|Any CPU
		{C195C876-A4DD-48C0-B50B-6852FA60B01A}.Release|Any CPU.ActiveCfg = Release|Any CPU
		{C195C876-A4DD-48C0-B50B-6852FA60B01A}.Release|Any CPU.Build.0 = Release|Any CPU
	EndGlobalSection
	GlobalSection(SolutionProperties) = preSolution
		HideSolutionNode = FALSE
	EndGlobalSection
	GlobalSection(ExtensibilityGlobals) = postSolution
		SolutionGuid = {F33E8C73-3BBF-4B1D-ACF8-D4E2C872FF48}
	EndGlobalSection
EndGlobal
